
Microsoft Visual Studio Solution File, Format Version 12.00
# Visual Studio Version 17
VisualStudioVersion = 17.0.31808.319
MinimumVisualStudioVersion = 10.0.40219.1
Project("{FAE04EC0-301F-11D3-BF4B-00C04F79EFBC}") = "KSP-WINUI2", "KSP-WINUI2\KSP-WINUI2.csproj", "{F417F229-4872-4740-9CCA-878A1D836594}"
EndProject
Project("{9A19103F-16F7-4668-BE54-9A1E7A4F7556}") = "KakaoStory API", "..\..\..\..\..\Data\Repos\KakaoStory-API\Kakao Story API\KakaoStory API.csproj", "{5B78842E-2D5A-466E-AB7B-47E4071A1D13}"
EndProject
Global
	GlobalSection(SolutionConfigurationPlatforms) = preSolution
		Debug|Any CPU = Debug|Any CPU
		Debug|ARM = Debug|ARM
		Debug|ARM64 = Debug|ARM64
		Debug|x64 = Debug|x64
		Debug|x86 = Debug|x86
		Release|Any CPU = Release|Any CPU
		Release|ARM = Release|ARM
		Release|ARM64 = Release|ARM64
		Release|x64 = Release|x64
		Release|x86 = Release|x86
	EndGlobalSection
	GlobalSection(ProjectConfigurationPlatforms) = postSolution
		{F417F229-4872-4740-9CCA-878A1D836594}.Debug|Any CPU.ActiveCfg = Debug|x64
		{F417F229-4872-4740-9CCA-878A1D836594}.Debug|Any CPU.Build.0 = Debug|x64
		{F417F229-4872-4740-9CCA-878A1D836594}.Debug|Any CPU.Deploy.0 = Debug|x64
		{F417F229-4872-4740-9CCA-878A1D836594}.Debug|ARM.ActiveCfg = Debug|ARM
		{F417F229-4872-4740-9CCA-878A1D836594}.Debug|ARM.Build.0 = Debug|ARM
		{F417F229-4872-4740-9CCA-878A1D836594}.Debug|ARM.Deploy.0 = Debug|ARM
		{F417F229-4872-4740-9CCA-878A1D836594}.Debug|ARM64.ActiveCfg = Debug|ARM64
		{F417F229-4872-4740-9CCA-878A1D836594}.Debug|ARM64.Build.0 = Debug|ARM64
		{F417F229-4872-4740-9CCA-878A1D836594}.Debug|ARM64.Deploy.0 = Debug|ARM64
		{F417F229-4872-4740-9CCA-878A1D836594}.Debug|x64.ActiveCfg = Debug|x64
		{F417F229-4872-4740-9CCA-878A1D836594}.Debug|x64.Build.0 = Debug|x64
		{F417F229-4872-4740-9CCA-878A1D836594}.Debug|x64.Deploy.0 = Debug|x64
		{F417F229-4872-4740-9CCA-878A1D836594}.Debug|x86.ActiveCfg = Debug|x86
		{F417F229-4872-4740-9CCA-878A1D836594}.Debug|x86.Build.0 = Debug|x86
		{F417F229-4872-4740-9CCA-878A1D836594}.Debug|x86.Deploy.0 = Debug|x86
		{F417F229-4872-4740-9CCA-878A1D836594}.Release|Any CPU.ActiveCfg = Release|x64
		{F417F229-4872-4740-9CCA-878A1D836594}.Release|Any CPU.Build.0 = Release|x64
		{F417F229-4872-4740-9CCA-878A1D836594}.Release|Any CPU.Deploy.0 = Release|x64
		{F417F229-4872-4740-9CCA-878A1D836594}.Release|ARM.ActiveCfg = Release|ARM
		{F417F229-4872-4740-9CCA-878A1D836594}.Release|ARM.Build.0 = Release|ARM
		{F417F229-4872-4740-9CCA-878A1D836594}.Release|ARM.Deploy.0 = Release|ARM
		{F417F229-4872-4740-9CCA-878A1D836594}.Release|ARM64.ActiveCfg = Release|ARM64
		{F417F229-4872-4740-9CCA-878A1D836594}.Release|ARM64.Build.0 = Release|ARM64
		{F417F229-4872-4740-9CCA-878A1D836594}.Release|ARM64.Deploy.0 = Release|ARM64
		{F417F229-4872-4740-9CCA-878A1D836594}.Release|x64.ActiveCfg = Release|x64
		{F417F229-4872-4740-9CCA-878A1D836594}.Release|x64.Build.0 = Release|x64
		{F417F229-4872-4740-9CCA-878A1D836594}.Release|x64.Deploy.0 = Release|x64
		{F417F229-4872-4740-9CCA-878A1D836594}.Release|x86.ActiveCfg = Release|x86
		{F417F229-4872-4740-9CCA-878A1D836594}.Release|x86.Build.0 = Release|x86
		{F417F229-4872-4740-9CCA-878A1D836594}.Release|x86.Deploy.0 = Release|x86
		{5B78842E-2D5A-466E-AB7B-47E4071A1D13}.Debug|Any CPU.ActiveCfg = Debug|Any CPU
		{5B78842E-2D5A-466E-AB7B-47E4071A1D13}.Debug|Any CPU.Build.0 = Debug|Any CPU
		{5B78842E-2D5A-466E-AB7B-47E4071A1D13}.Debug|ARM.ActiveCfg = Debug|Any CPU
		{5B78842E-2D5A-466E-AB7B-47E4071A1D13}.Debug|ARM.Build.0 = Debug|Any CPU
		{5B78842E-2D5A-466E-AB7B-47E4071A1D13}.Debug|ARM64.ActiveCfg = Debug|Any CPU
		{5B78842E-2D5A-466E-AB7B-47E4071A1D13}.Debug|ARM64.Build.0 = Debug|Any CPU
		{5B78842E-2D5A-466E-AB7B-47E4071A1D13}.Debug|x64.ActiveCfg = Debug|Any CPU
		{5B78842E-2D5A-466E-AB7B-47E4071A1D13}.Debug|x64.Build.0 = Debug|Any CPU
		{5B78842E-2D5A-466E-AB7B-47E4071A1D13}.Debug|x86.ActiveCfg = Debug|Any CPU
		{5B78842E-2D5A-466E-AB7B-47E4071A1D13}.Debug|x86.Build.0 = Debug|Any CPU
		{5B78842E-2D5A-466E-AB7B-47E4071A1D13}.Release|Any CPU.ActiveCfg = Release|Any CPU
		{5B78842E-2D5A-466E-AB7B-47E4071A1D13}.Release|Any CPU.Build.0 = Release|Any CPU
		{5B78842E-2D5A-466E-AB7B-47E4071A1D13}.Release|ARM.ActiveCfg = Release|Any CPU
		{5B78842E-2D5A-466E-AB7B-47E4071A1D13}.Release|ARM.Build.0 = Release|Any CPU
		{5B78842E-2D5A-466E-AB7B-47E4071A1D13}.Release|ARM64.ActiveCfg = Release|Any CPU
		{5B78842E-2D5A-466E-AB7B-47E4071A1D13}.Release|ARM64.Build.0 = Release|Any CPU
		{5B78842E-2D5A-466E-AB7B-47E4071A1D13}.Release|x64.ActiveCfg = Release|Any CPU
		{5B78842E-2D5A-466E-AB7B-47E4071A1D13}.Release|x64.Build.0 = Release|Any CPU
		{5B78842E-2D5A-466E-AB7B-47E4071A1D13}.Release|x86.ActiveCfg = Release|Any CPU
		{5B78842E-2D5A-466E-AB7B-47E4071A1D13}.Release|x86.Build.0 = Release|Any CPU
	EndGlobalSection
	GlobalSection(SolutionProperties) = preSolution
		HideSolutionNode = FALSE
	EndGlobalSection
	GlobalSection(ExtensibilityGlobals) = postSolution
		SolutionGuid = {59C22637-804C-4A55-A098-4D1FA51A0DB7}
	EndGlobalSection
EndGlobal
